
Microsoft Visual Studio Solution File, Format Version 12.00
# Visual Studio Version 17
VisualStudioVersion = 17.1.32319.34
MinimumVisualStudioVersion = 10.0.40219.1
Project("{9A19103F-16F7-4668-BE54-9A1E7A4F7556}") = "SSL_Checker", "SSL_Checker\SSL_Checker.csproj", "{54EF696B-0AF8-4C00-BBA4-4027514B4A43}"
EndProject
Project("{FAE04EC0-301F-11D3-BF4B-00C04F79EFBC}") = "SSL_Checker_Net471", "SSL_Checker_Net471\SSL_Checker_Net471.csproj", "{2A099DC1-6309-4FAF-B95A-C54E9C2F14AD}"
EndProject
Global
	GlobalSection(SolutionConfigurationPlatforms) = preSolution
		Debug|Any CPU = Debug|Any CPU
		Release|Any CPU = Release|Any CPU
	EndGlobalSection
	GlobalSection(ProjectConfigurationPlatforms) = postSolution
		{54EF696B-0AF8-4C00-BBA4-4027514B4A43}.Debug|Any CPU.ActiveCfg = Debug|Any CPU
		{54EF696B-0AF8-4C00-BBA4-4027514B4A43}.Debug|Any CPU.Build.0 = Debug|Any CPU
		{54EF696B-0AF8-4C00-BBA4-4027514B4A43}.Release|Any CPU.ActiveCfg = Release|Any CPU
		{54EF696B-0AF8-4C00-BBA4-4027514B4A43}.Release|Any CPU.Build.0 = Release|Any CPU
		{2A099DC1-6309-4FAF-B95A-C54E9C2F14AD}.Debug|Any CPU.ActiveCfg = Debug|Any CPU
		{2A099DC1-6309-4FAF-B95A-C54E9C2F14AD}.Debug|Any CPU.Build.0 = Debug|Any CPU
		{2A099DC1-6309-4FAF-B95A-C54E9C2F14AD}.Release|Any CPU.ActiveCfg = Release|Any CPU
		{2A099DC1-6309-4FAF-B95A-C54E9C2F14AD}.Release|Any CPU.Build.0 = Release|Any CPU
	EndGlobalSection
	GlobalSection(SolutionProperties) = preSolution
		HideSolutionNode = FALSE
	EndGlobalSection
	GlobalSection(ExtensibilityGlobals) = postSolution
		SolutionGuid = {0BA99108-8CB2-4250-B1F5-1380190FDB65}
	EndGlobalSection
EndGlobal
